
Microsoft Visual Studio Solution File, Format Version 12.00
# Visual Studio Version 17
VisualStudioVersion = 17.0.32630.193
MinimumVisualStudioVersion = 10.0.40219.1
Project("{FAE04EC0-301F-11D3-BF4B-00C04F79EFBC}") = "RankingApp", "RankingApp\RankingApp.csproj", "{33FADBF0-0426-425E-B12C-1DF5EA27C6AA}"
EndProject
Global
	GlobalSection(SolutionConfigurationPlatforms) = preSolution
		Debug|Any CPU = Debug|Any CPU
		Release|Any CPU = Release|Any CPU
	EndGlobalSection
	GlobalSection(ProjectConfigurationPlatforms) = postSolution
		{33FADBF0-0426-425E-B12C-1DF5EA27C6AA}.Debug|Any CPU.ActiveCfg = Debug|Any CPU
		{33FADBF0-0426-425E-B12C-1DF5EA27C6AA}.Debug|Any CPU.Build.0 = Debug|Any CPU
		{33FADBF0-0426-425E-B12C-1DF5EA27C6AA}.Release|Any CPU.ActiveCfg = Release|Any CPU
		{33FADBF0-0426-425E-B12C-1DF5EA27C6AA}.Release|Any CPU.Build.0 = Release|Any CPU
	EndGlobalSection
	GlobalSection(SolutionProperties) = preSolution
		HideSolutionNode = FALSE
	EndGlobalSection
	GlobalSection(ExtensibilityGlobals) = postSolution
		SolutionGuid = {F41941C1-CBAA-4BBF-A92F-0A95842BDA96}
	EndGlobalSection
EndGlobal
